
Microsoft Visual Studio Solution File, Format Version 12.00
# Visual Studio 15
VisualStudioVersion = 15.0.27428.1
MinimumVisualStudioVersion = 10.0.40219.1
Project("{9A19103F-16F7-4668-BE54-9A1E7A4F7556}") = "TravelCardsSortingLibrary", "TravelCardsSortingLibrary\TravelCardsSortingLibrary.csproj", "{7DD07254-A58E-426B-B9CE-0C55A44F1027}"
EndProject
Project("{9A19103F-16F7-4668-BE54-9A1E7A4F7556}") = "TravelCardsSortingTest", "TravelCardsSortingTest\TravelCardsSortingTest.csproj", "{C7545324-29BB-4477-BACA-99593F509912}"
EndProject
Global
	GlobalSection(SolutionConfigurationPlatforms) = preSolution
		Debug|Any CPU = Debug|Any CPU
		Release|Any CPU = Release|Any CPU
	EndGlobalSection
	GlobalSection(ProjectConfigurationPlatforms) = postSolution
		{7DD07254-A58E-426B-B9CE-0C55A44F1027}.Debug|Any CPU.ActiveCfg = Debug|Any CPU
		{7DD07254-A58E-426B-B9CE-0C55A44F1027}.Debug|Any CPU.Build.0 = Debug|Any CPU
		{7DD07254-A58E-426B-B9CE-0C55A44F1027}.Release|Any CPU.ActiveCfg = Release|Any CPU
		{7DD07254-A58E-426B-B9CE-0C55A44F1027}.Release|Any CPU.Build.0 = Release|Any CPU
		{C7545324-29BB-4477-BACA-99593F509912}.Debug|Any CPU.ActiveCfg = Debug|Any CPU
		{C7545324-29BB-4477-BACA-99593F509912}.Debug|Any CPU.Build.0 = Debug|Any CPU
		{C7545324-29BB-4477-BACA-99593F509912}.Release|Any CPU.ActiveCfg = Release|Any CPU
		{C7545324-29BB-4477-BACA-99593F509912}.Release|Any CPU.Build.0 = Release|Any CPU
	EndGlobalSection
	GlobalSection(SolutionProperties) = preSolution
		HideSolutionNode = FALSE
	EndGlobalSection
	GlobalSection(ExtensibilityGlobals) = postSolution
		SolutionGuid = {78432066-83B8-40D1-956C-C2E0807C6B7D}
	EndGlobalSection
EndGlobal
